Microsoft Visual Studio Solution File, Format Version 12.00
# Visual Studio Version 17
VisualStudioVersion = 17.5.2.0
MinimumVisualStudioVersion = 10.0.40219.1
Project("{FAE04EC0-301F-11D3-BF4B-00C04F79EFBC}") = "CapyOS", "CapyOS.csproj", "{01002205-3E95-B19B-41D9-EFFFAAA9D11A}"
EndProject
Global
	GlobalSection(SolutionConfigurationPlatforms) = preSolution
		Debug|Any CPU = Debug|Any CPU
		Release|Any CPU = Release|Any CPU
	EndGlobalSection
	GlobalSection(ProjectConfigurationPlatforms) = postSolution
		{01002205-3E95-B19B-41D9-EFFFAAA9D11A}.Debug|Any CPU.ActiveCfg = Debug|Any CPU
		{01002205-3E95-B19B-41D9-EFFFAAA9D11A}.Debug|Any CPU.Build.0 = Debug|Any CPU
		{01002205-3E95-B19B-41D9-EFFFAAA9D11A}.Release|Any CPU.ActiveCfg = Release|Any CPU
		{01002205-3E95-B19B-41D9-EFFFAAA9D11A}.Release|Any CPU.Build.0 = Release|Any CPU
	EndGlobalSection
	GlobalSection(SolutionProperties) = preSolution
		HideSolutionNode = FALSE
	EndGlobalSection
	GlobalSection(ExtensibilityGlobals) = postSolution
		SolutionGuid = {B9931A1E-6D36-48BE-A3D4-EB5C4F31C754}
	EndGlobalSection
EndGlobal
